
Microsoft Visual Studio Solution File, Format Version 12.00
# Visual Studio 15
VisualStudioVersion = 15.0.27004.2009
MinimumVisualStudioVersion = 10.0.40219.1
Project("{FAE04EC0-301F-11D3-BF4B-00C04F79EFBC}") = "DormitoryGUI", "DormitoryGUI\DormitoryGUI.csproj", "{E3340599-F643-4AC2-9094-2BB6C350EBE0}"
EndProject
Project("{54435603-DBB4-11D2-8724-00A0C9A8B90C}") = "DormitoryGUISetup", "DormitoryGUISetup\DormitoryGUISetup.vdproj", "{E1131109-782C-45BC-A0E2-AD45D7896E8C}"
EndProject
Global
	GlobalSection(SolutionConfigurationPlatforms) = preSolution
		Debug|Any CPU = Debug|Any CPU
		Release|Any CPU = Release|Any CPU
	EndGlobalSection
	GlobalSection(ProjectConfigurationPlatforms) = postSolution
		{E3340599-F643-4AC2-9094-2BB6C350EBE0}.Debug|Any CPU.ActiveCfg = Debug|Any CPU
		{E3340599-F643-4AC2-9094-2BB6C350EBE0}.Release|Any CPU.ActiveCfg = Release|Any CPU
		{E3340599-F643-4AC2-9094-2BB6C350EBE0}.Release|Any CPU.Build.0 = Release|Any CPU
		{E1131109-782C-45BC-A0E2-AD45D7896E8C}.Debug|Any CPU.ActiveCfg = Debug
		{E1131109-782C-45BC-A0E2-AD45D7896E8C}.Debug|Any CPU.Build.0 = Debug
		{E1131109-782C-45BC-A0E2-AD45D7896E8C}.Debug|Any CPU.Deploy.0 = Debug
		{E1131109-782C-45BC-A0E2-AD45D7896E8C}.Release|Any CPU.ActiveCfg = Release
	EndGlobalSection
	GlobalSection(SolutionProperties) = preSolution
		HideSolutionNode = FALSE
	EndGlobalSection
	GlobalSection(ExtensibilityGlobals) = postSolution
		SolutionGuid = {F666C6B6-7AD9-4DEB-9899-3CDAE8A00BC5}
	EndGlobalSection
EndGlobal
